
Microsoft Visual Studio Solution File, Format Version 12.00
# Visual Studio Version 17
VisualStudioVersion = 17.4.33205.214
MinimumVisualStudioVersion = 10.0.40219.1
Project("{FAE04EC0-301F-11D3-BF4B-00C04F79EFBC}") = "TestProject", "TestProject\TestProject.csproj", "{6FC49874-2E96-4106-B0DD-EE68FF335E25}"
EndProject
Project("{FAE04EC0-301F-11D3-BF4B-00C04F79EFBC}") = "DbAPI", "DbAPI\DbAPI.csproj", "{F03C7D95-1638-4082-9929-D9B1CB3A8813}"
EndProject
Global
	GlobalSection(SolutionConfigurationPlatforms) = preSolution
		Debug|Any CPU = Debug|Any CPU
		Release|Any CPU = Release|Any CPU
	EndGlobalSection
	GlobalSection(ProjectConfigurationPlatforms) = postSolution
		{6FC49874-2E96-4106-B0DD-EE68FF335E25}.Debug|Any CPU.ActiveCfg = Debug|Any CPU
		{6FC49874-2E96-4106-B0DD-EE68FF335E25}.Debug|Any CPU.Build.0 = Debug|Any CPU
		{6FC49874-2E96-4106-B0DD-EE68FF335E25}.Release|Any CPU.ActiveCfg = Release|Any CPU
		{6FC49874-2E96-4106-B0DD-EE68FF335E25}.Release|Any CPU.Build.0 = Release|Any CPU
		{F03C7D95-1638-4082-9929-D9B1CB3A8813}.Debug|Any CPU.ActiveCfg = Debug|Any CPU
		{F03C7D95-1638-4082-9929-D9B1CB3A8813}.Debug|Any CPU.Build.0 = Debug|Any CPU
		{F03C7D95-1638-4082-9929-D9B1CB3A8813}.Release|Any CPU.ActiveCfg = Release|Any CPU
		{F03C7D95-1638-4082-9929-D9B1CB3A8813}.Release|Any CPU.Build.0 = Release|Any CPU
	EndGlobalSection
	GlobalSection(SolutionProperties) = preSolution
		HideSolutionNode = FALSE
	EndGlobalSection
	GlobalSection(ExtensibilityGlobals) = postSolution
		SolutionGuid = {8B37FB80-E7BC-4586-A17A-99B4B6C4272D}
	EndGlobalSection
EndGlobal
